// !$*UTF8*$!
{
	archiveVersion = 1;
	classes = {
	};
	objectVersion = 56;
	objects = {

/* Begin PBXBuildFile section */
		CE05E379297797A8003C578B /* AppService.swift in Sources */ = {isa = PBXBuildFile; fileRef = CE05E378297797A8003C578B /* AppService.swift */; };
		CE05E37B2977980C003C578B /* AppRequest.swift in Sources */ = {isa = PBXBuildFile; fileRef = CE05E37A2977980C003C578B /* AppRequest.swift */; };
		CE05E37D29779848003C578B /* AppEndpoint.swift in Sources */ = {isa = PBXBuildFile; fileRef = CE05E37C29779848003C578B /* AppEndpoint.swift */; };
		CE05E37F29779C1A003C578B /* Episode.swift in Sources */ = {isa = PBXBuildFile; fileRef = CE05E37E29779C1A003C578B /* Episode.swift */; };
		CE05E38329779FB9003C578B /* CharaterOrigin.swift in Sources */ = {isa = PBXBuildFile; fileRef = CE05E38229779FB9003C578B /* CharaterOrigin.swift */; };
		CE05E3852977A056003C578B /* SingleLocation.swift in Sources */ = {isa = PBXBuildFile; fileRef = CE05E3842977A056003C578B /* SingleLocation.swift */; };
		CE05E3892977A1F1003C578B /* CharacterGender.swift in Sources */ = {isa = PBXBuildFile; fileRef = CE05E3882977A1F1003C578B /* CharacterGender.swift */; };
		CE05E38B2977A20A003C578B /* CharaterStatus.swift in Sources */ = {isa = PBXBuildFile; fileRef = CE05E38A2977A20A003C578B /* CharaterStatus.swift */; };
		CE0E010129B12BF0007F5D19 /* EpisodeListView.swift in Sources */ = {isa = PBXBuildFile; fileRef = CE0E010029B12BF0007F5D19 /* EpisodeListView.swift */; };
		CE16BA00298746B700F4A193 /* AppImageLoader.swift in Sources */ = {isa = PBXBuildFile; fileRef = CE16B9FF298746B700F4A193 /* AppImageLoader.swift */; };
		CE434A7429B8296A00E78CD6 /* SearchViewController.swift in Sources */ = {isa = PBXBuildFile; fileRef = CE434A7329B8296A00E78CD6 /* SearchViewController.swift */; };
		CE4DB3C6297ED10600CE4EB4 /* GetAllCharacterResponse.swift in Sources */ = {isa = PBXBuildFile; fileRef = CE4DB3C5297ED10600CE4EB4 /* GetAllCharacterResponse.swift */; };
		CE4DB3C8297EDE3000CE4EB4 /* CharacterListViewViewModel.swift in Sources */ = {isa = PBXBuildFile; fileRef = CE4DB3C7297EDE3000CE4EB4 /* CharacterListViewViewModel.swift */; };
		CE4DB3CB297EEF5D00CE4EB4 /* CharacterListView.swift in Sources */ = {isa = PBXBuildFile; fileRef = CE4DB3CA297EEF5D00CE4EB4 /* CharacterListView.swift */; };
		CE4DB3D2297F248900CE4EB4 /* UIView + Extensions.swift in Sources */ = {isa = PBXBuildFile; fileRef = CE4DB3D1297F248900CE4EB4 /* UIView + Extensions.swift */; };
		CE4DB3D4297F7FD000CE4EB4 /* CharacterCollectionViewCell.swift in Sources */ = {isa = PBXBuildFile; fileRef = CE4DB3D3297F7FD000CE4EB4 /* CharacterCollectionViewCell.swift */; };
		CE4DB3D6297F818900CE4EB4 /* CharacterCollectionViewCelltViewViewModel.swift in Sources */ = {isa = PBXBuildFile; fileRef = CE4DB3D5297F818900CE4EB4 /* CharacterCollectionViewCelltViewViewModel.swift */; };
		CE519A0D2969D3F1006EB488 /* Location.swift in Sources */ = {isa = PBXBuildFile; fileRef = CE519A0C2969D3F1006EB488 /* Location.swift */; };
		CE519A0F2969D42A006EB488 /* RMCharacter.swift in Sources */ = {isa = PBXBuildFile; fileRef = CE519A0E2969D42A006EB488 /* RMCharacter.swift */; };
		CE519A122969D524006EB488 /* CharacterViewController.swift in Sources */ = {isa = PBXBuildFile; fileRef = CE519A112969D524006EB488 /* CharacterViewController.swift */; };
		CE519A142969D583006EB488 /* LocationViewController.swift in Sources */ = {isa = PBXBuildFile; fileRef = CE519A132969D583006EB488 /* LocationViewController.swift */; };
		CE519A162969D5A5006EB488 /* EpisodesViewController.swift in Sources */ = {isa = PBXBuildFile; fileRef = CE519A152969D5A5006EB488 /* EpisodesViewController.swift */; };
		CE519A182969D5FD006EB488 /* SettingsViewController.swift in Sources */ = {isa = PBXBuildFile; fileRef = CE519A172969D5FD006EB488 /* SettingsViewController.swift */; };
		CE65724F29B152650023D25F /* EpisodeListViewViewModel.swift in Sources */ = {isa = PBXBuildFile; fileRef = CE65724E29B152650023D25F /* EpisodeListViewViewModel.swift */; };
		CE65725129B167B60023D25F /* GetAllEpisodesResponse.swift in Sources */ = {isa = PBXBuildFile; fileRef = CE65725029B167B60023D25F /* GetAllEpisodesResponse.swift */; };
		CE6F4011299C29B90063FEB7 /* EpisodeDetailViewController.swift in Sources */ = {isa = PBXBuildFile; fileRef = CE6F4010299C29B90063FEB7 /* EpisodeDetailViewController.swift */; };
		CE6F681B29A86EF8006732F5 /* ApiCacheManager.swift in Sources */ = {isa = PBXBuildFile; fileRef = CE6F681A29A86EF8006732F5 /* ApiCacheManager.swift */; };
		CE6F681D29A8736D006732F5 /* EpisodeDetailViewViewModel.swift in Sources */ = {isa = PBXBuildFile; fileRef = CE6F681C29A8736D006732F5 /* EpisodeDetailViewViewModel.swift */; };
		CE6F681F29A873E5006732F5 /* EpisodeDetailView.swift in Sources */ = {isa = PBXBuildFile; fileRef = CE6F681E29A873E5006732F5 /* EpisodeDetailView.swift */; };
		CE9442622981B6E00067C65D /* CharacterDetailViewController.swift in Sources */ = {isa = PBXBuildFile; fileRef = CE9442612981B6E00067C65D /* CharacterDetailViewController.swift */; };
		CE9442642981B7D50067C65D /* CharacterDetailView.swift in Sources */ = {isa = PBXBuildFile; fileRef = CE9442632981B7D50067C65D /* CharacterDetailView.swift */; };
		CE9442662981B8550067C65D /* CharacterDetailViewViewModel.swift in Sources */ = {isa = PBXBuildFile; fileRef = CE9442652981B8550067C65D /* CharacterDetailViewViewModel.swift */; };
		CEA1FDB629C952A900BD89F2 /* SettingsViewViewModel.swift in Sources */ = {isa = PBXBuildFile; fileRef = CEA1FDB529C952A900BD89F2 /* SettingsViewViewModel.swift */; };
		CEA1FDB829C952D300BD89F2 /* SettingsCellViewModel.swift in Sources */ = {isa = PBXBuildFile; fileRef = CEA1FDB729C952D300BD89F2 /* SettingsCellViewModel.swift */; };
		CEA1FDBA29C953C000BD89F2 /* SettingsOption.swift in Sources */ = {isa = PBXBuildFile; fileRef = CEA1FDB929C953C000BD89F2 /* SettingsOption.swift */; };
		CEC4F51329BAD4DB00A2FB93 /* EpisodeInfoCollectionViewCell.swift in Sources */ = {isa = PBXBuildFile; fileRef = CEC4F51229BAD4DB00A2FB93 /* EpisodeInfoCollectionViewCell.swift */; };
		CEC4F51629BAD52E00A2FB93 /* EpisodeInfoCollectionViewCellViewModel.swift in Sources */ = {isa = PBXBuildFile; fileRef = CEC4F51529BAD52E00A2FB93 /* EpisodeInfoCollectionViewCellViewModel.swift */; };
		CEF0E91829687F1500C81FC9 /* AppDelegate.swift in Sources */ = {isa = PBXBuildFile; fileRef = CEF0E91729687F1500C81FC9 /* AppDelegate.swift */; };
		CEF0E91A29687F1500C81FC9 /* SceneDelegate.swift in Sources */ = {isa = PBXBuildFile; fileRef = CEF0E91929687F1500C81FC9 /* SceneDelegate.swift */; };
		CEF0E91C29687F1500C81FC9 /* MainTabViewController.swift in Sources */ = {isa = PBXBuildFile; fileRef = CEF0E91B29687F1500C81FC9 /* MainTabViewController.swift */; };
		CEF0E92129687F1600C81FC9 /* Assets.xcassets in Resources */ = {isa = PBXBuildFile; fileRef = CEF0E92029687F1600C81FC9 /* Assets.xcassets */; };
		CEF0E92429687F1600C81FC9 /* LaunchScreen.storyboard in Resources */ = {isa = PBXBuildFile; fileRef = CEF0E92229687F1600C81FC9 /* LaunchScreen.storyboard */; };
		CEF235D62996BB9600CAC9BC /* CharacterPhotoCollectionViewCell.swift in Sources */ = {isa = PBXBuildFile; fileRef = CEF235D52996BB9600CAC9BC /* CharacterPhotoCollectionViewCell.swift */; };
		CEF235D82996BBAD00CAC9BC /* CharacterInfoCollectionViewCell.swift in Sources */ = {isa = PBXBuildFile; fileRef = CEF235D72996BBAD00CAC9BC /* CharacterInfoCollectionViewCell.swift */; };
		CEF235DA2996BBC300CAC9BC /* CharacterEpisodeCollectionViewCell.swift in Sources */ = {isa = PBXBuildFile; fileRef = CEF235D92996BBC300CAC9BC /* CharacterEpisodeCollectionViewCell.swift */; };
		CEF235DD2996BDD700CAC9BC /* CharacterPhotoCollectionViewCellViewModel.swift in Sources */ = {isa = PBXBuildFile; fileRef = CEF235DC2996BDD700CAC9BC /* CharacterPhotoCollectionViewCellViewModel.swift */; };
		CEF235DF2996BDF200CAC9BC /* CharacterInfoCollectionViewCellViewModel.swift in Sources */ = {isa = PBXBuildFile; fileRef = CEF235DE2996BDF200CAC9BC /* CharacterInfoCollectionViewCellViewModel.swift */; };
		CEF235E12996BE0600CAC9BC /* CharacterEpisodesCollectionViewCellViewModel.swift in Sources */ = {isa = PBXBuildFile; fileRef = CEF235E02996BE0600CAC9BC /* CharacterEpisodesCollectionViewCellViewModel.swift */; };
		CEFA7AD529836A49007030F0 /* FooterLoadingCollectionReusableView.swift in Sources */ = {isa = PBXBuildFile; fileRef = CEFA7AD429836A49007030F0 /* FooterLoadingCollectionReusableView.swift */; };
/* End PBXBuildFile section */

/* Begin PBXFileReference section */
		CE05E378297797A8003C578B /* AppService.swift */ = {isa = PBXFileReference; lastKnownFileType = sourcecode.swift; path = AppService.swift; sourceTree = "<group>"; };
		CE05E37A2977980C003C578B /* AppRequest.swift */ = {isa = PBXFileReference; lastKnownFileType = sourcecode.swift; path = AppRequest.swift; sourceTree = "<group>"; };
		CE05E37C29779848003C578B /* AppEndpoint.swift */ = {isa = PBXFileReference; lastKnownFileType = sourcecode.swift; path = AppEndpoint.swift; sourceTree = "<group>"; };
		CE05E37E29779C1A003C578B /* Episode.swift */ = {isa = PBXFileReference; lastKnownFileType = sourcecode.swift; path = Episode.swift; sourceTree = "<group>"; };
		CE05E38229779FB9003C578B /* CharaterOrigin.swift */ = {isa = PBXFileReference; lastKnownFileType = sourcecode.swift; path = CharaterOrigin.swift; sourceTree = "<group>"; };
		CE05E3842977A056003C578B /* SingleLocation.swift */ = {isa = PBXFileReference; lastKnownFileType = sourcecode.swift; path = SingleLocation.swift; sourceTree = "<group>"; };
		CE05E3882977A1F1003C578B /* CharacterGender.swift */ = {isa = PBXFileReference; lastKnownFileType = sourcecode.swift; path = CharacterGender.swift; sourceTree = "<group>"; };
		CE05E38A2977A20A003C578B /* CharaterStatus.swift */ = {isa = PBXFileReference; lastKnownFileType = sourcecode.swift; path = CharaterStatus.swift; sourceTree = "<group>"; };
		CE0E010029B12BF0007F5D19 /* EpisodeListView.swift */ = {isa = PBXFileReference; lastKnownFileType = sourcecode.swift; path = EpisodeListView.swift; sourceTree = "<group>"; };
		CE16B9FF298746B700F4A193 /* AppImageLoader.swift */ = {isa = PBXFileReference; lastKnownFileType = sourcecode.swift; path = AppImageLoader.swift; sourceTree = "<group>"; };
		CE434A7329B8296A00E78CD6 /* SearchViewController.swift */ = {isa = PBXFileReference; lastKnownFileType = sourcecode.swift; path = SearchViewController.swift; sourceTree = "<group>"; };
		CE4DB3C5297ED10600CE4EB4 /* GetAllCharacterResponse.swift */ = {isa = PBXFileReference; lastKnownFileType = sourcecode.swift; path = GetAllCharacterResponse.swift; sourceTree = "<group>"; };
		CE4DB3C7297EDE3000CE4EB4 /* CharacterListViewViewModel.swift */ = {isa = PBXFileReference; lastKnownFileType = sourcecode.swift; path = CharacterListViewViewModel.swift; sourceTree = "<group>"; };
		CE4DB3CA297EEF5D00CE4EB4 /* CharacterListView.swift */ = {isa = PBXFileReference; lastKnownFileType = sourcecode.swift; path = CharacterListView.swift; sourceTree = "<group>"; };
		CE4DB3D1297F248900CE4EB4 /* UIView + Extensions.swift */ = {isa = PBXFileReference; lastKnownFileType = sourcecode.swift; path = "UIView + Extensions.swift"; sourceTree = "<group>"; };
		CE4DB3D3297F7FD000CE4EB4 /* CharacterCollectionViewCell.swift */ = {isa = PBXFileReference; lastKnownFileType = sourcecode.swift; path = CharacterCollectionViewCell.swift; sourceTree = "<group>"; };
		CE4DB3D5297F818900CE4EB4 /* CharacterCollectionViewCelltViewViewModel.swift */ = {isa = PBXFileReference; lastKnownFileType = sourcecode.swift; path = CharacterCollectionViewCelltViewViewModel.swift; sourceTree = "<group>"; };
		CE519A0C2969D3F1006EB488 /* Location.swift */ = {isa = PBXFileReference; lastKnownFileType = sourcecode.swift; path = Location.swift; sourceTree = "<group>"; };
		CE519A0E2969D42A006EB488 /* RMCharacter.swift */ = {isa = PBXFileReference; lastKnownFileType = sourcecode.swift; path = RMCharacter.swift; sourceTree = "<group>"; };
		CE519A112969D524006EB488 /* CharacterViewController.swift */ = {isa = PBXFileReference; lastKnownFileType = sourcecode.swift; path = CharacterViewController.swift; sourceTree = "<group>"; };
		CE519A132969D583006EB488 /* LocationViewController.swift */ = {isa = PBXFileReference; lastKnownFileType = sourcecode.swift; path = LocationViewController.swift; sourceTree = "<group>"; };
		CE519A152969D5A5006EB488 /* EpisodesViewController.swift */ = {isa = PBXFileReference; lastKnownFileType = sourcecode.swift; path = EpisodesViewController.swift; sourceTree = "<group>"; };
		CE519A172969D5FD006EB488 /* SettingsViewController.swift */ = {isa = PBXFileReference; lastKnownFileType = sourcecode.swift; path = SettingsViewController.swift; sourceTree = "<group>"; };
		CE65724E29B152650023D25F /* EpisodeListViewViewModel.swift */ = {isa = PBXFileReference; lastKnownFileType = sourcecode.swift; path = EpisodeListViewViewModel.swift; sourceTree = "<group>"; };
		CE65725029B167B60023D25F /* GetAllEpisodesResponse.swift */ = {isa = PBXFileReference; lastKnownFileType = sourcecode.swift; path = GetAllEpisodesResponse.swift; sourceTree = "<group>"; };
		CE6F400F299C27D00063FEB7 /* pt-BR */ = {isa = PBXFileReference; lastKnownFileType = text.plist.strings; name = "pt-BR"; path = "pt-BR.lproj/LaunchScreen.strings"; sourceTree = "<group>"; };
		CE6F4010299C29B90063FEB7 /* EpisodeDetailViewController.swift */ = {isa = PBXFileReference; lastKnownFileType = sourcecode.swift; path = EpisodeDetailViewController.swift; sourceTree = "<group>"; };
		CE6F681A29A86EF8006732F5 /* ApiCacheManager.swift */ = {isa = PBXFileReference; lastKnownFileType = sourcecode.swift; path = ApiCacheManager.swift; sourceTree = "<group>"; };
		CE6F681C29A8736D006732F5 /* EpisodeDetailViewViewModel.swift */ = {isa = PBXFileReference; lastKnownFileType = sourcecode.swift; path = EpisodeDetailViewViewModel.swift; sourceTree = "<group>"; };
		CE6F681E29A873E5006732F5 /* EpisodeDetailView.swift */ = {isa = PBXFileReference; lastKnownFileType = sourcecode.swift; path = EpisodeDetailView.swift; sourceTree = "<group>"; };
		CE9442612981B6E00067C65D /* CharacterDetailViewController.swift */ = {isa = PBXFileReference; lastKnownFileType = sourcecode.swift; path = CharacterDetailViewController.swift; sourceTree = "<group>"; };
		CE9442632981B7D50067C65D /* CharacterDetailView.swift */ = {isa = PBXFileReference; lastKnownFileType = sourcecode.swift; path = CharacterDetailView.swift; sourceTree = "<group>"; };
		CE9442652981B8550067C65D /* CharacterDetailViewViewModel.swift */ = {isa = PBXFileReference; lastKnownFileType = sourcecode.swift; path = CharacterDetailViewViewModel.swift; sourceTree = "<group>"; };
		CEA1FDB529C952A900BD89F2 /* SettingsViewViewModel.swift */ = {isa = PBXFileReference; lastKnownFileType = sourcecode.swift; path = SettingsViewViewModel.swift; sourceTree = "<group>"; };
		CEA1FDB729C952D300BD89F2 /* SettingsCellViewModel.swift */ = {isa = PBXFileReference; lastKnownFileType = sourcecode.swift; path = SettingsCellViewModel.swift; sourceTree = "<group>"; };
		CEA1FDB929C953C000BD89F2 /* SettingsOption.swift */ = {isa = PBXFileReference; lastKnownFileType = sourcecode.swift; path = SettingsOption.swift; sourceTree = "<group>"; };
		CEC4F51229BAD4DB00A2FB93 /* EpisodeInfoCollectionViewCell.swift */ = {isa = PBXFileReference; lastKnownFileType = sourcecode.swift; path = EpisodeInfoCollectionViewCell.swift; sourceTree = "<group>"; };
		CEC4F51529BAD52E00A2FB93 /* EpisodeInfoCollectionViewCellViewModel.swift */ = {isa = PBXFileReference; lastKnownFileType = sourcecode.swift; path = EpisodeInfoCollectionViewCellViewModel.swift; sourceTree = "<group>"; };
		CEF0E91429687F1500C81FC9 /* RickAndMortyApp.app */ = {isa = PBXFileReference; explicitFileType = wrapper.application; includeInIndex = 0; path = RickAndMortyApp.app; sourceTree = BUILT_PRODUCTS_DIR; };
		CEF0E91729687F1500C81FC9 /* AppDelegate.swift */ = {isa = PBXFileReference; lastKnownFileType = sourcecode.swift; path = AppDelegate.swift; sourceTree = "<group>"; };
		CEF0E91929687F1500C81FC9 /* SceneDelegate.swift */ = {isa = PBXFileReference; lastKnownFileType = sourcecode.swift; path = SceneDelegate.swift; sourceTree = "<group>"; };
		CEF0E91B29687F1500C81FC9 /* MainTabViewController.swift */ = {isa = PBXFileReference; lastKnownFileType = sourcecode.swift; path = MainTabViewController.swift; sourceTree = "<group>"; };
		CEF0E92029687F1600C81FC9 /* Assets.xcassets */ = {isa = PBXFileReference; lastKnownFileType = folder.assetcatalog; path = Assets.xcassets; sourceTree = "<group>"; };
		CEF0E92329687F1600C81FC9 /* Base */ = {isa = PBXFileReference; lastKnownFileType = file.storyboard; name = Base; path = Base.lproj/LaunchScreen.storyboard; sourceTree = "<group>"; };
		CEF0E92529687F1600C81FC9 /* Info.plist */ = {isa = PBXFileReference; lastKnownFileType = text.plist.xml; path = Info.plist; sourceTree = "<group>"; };
		CEF235D52996BB9600CAC9BC /* CharacterPhotoCollectionViewCell.swift */ = {isa = PBXFileReference; lastKnownFileType = sourcecode.swift; path = CharacterPhotoCollectionViewCell.swift; sourceTree = "<group>"; };
		CEF235D72996BBAD00CAC9BC /* CharacterInfoCollectionViewCell.swift */ = {isa = PBXFileReference; lastKnownFileType = sourcecode.swift; path = CharacterInfoCollectionViewCell.swift; sourceTree = "<group>"; };
		CEF235D92996BBC300CAC9BC /* CharacterEpisodeCollectionViewCell.swift */ = {isa = PBXFileReference; lastKnownFileType = sourcecode.swift; path = CharacterEpisodeCollectionViewCell.swift; sourceTree = "<group>"; };
		CEF235DC2996BDD700CAC9BC /* CharacterPhotoCollectionViewCellViewModel.swift */ = {isa = PBXFileReference; lastKnownFileType = sourcecode.swift; path = CharacterPhotoCollectionViewCellViewModel.swift; sourceTree = "<group>"; };
		CEF235DE2996BDF200CAC9BC /* CharacterInfoCollectionViewCellViewModel.swift */ = {isa = PBXFileReference; lastKnownFileType = sourcecode.swift; path = CharacterInfoCollectionViewCellViewModel.swift; sourceTree = "<group>"; };
		CEF235E02996BE0600CAC9BC /* CharacterEpisodesCollectionViewCellViewModel.swift */ = {isa = PBXFileReference; lastKnownFileType = sourcecode.swift; path = CharacterEpisodesCollectionViewCellViewModel.swift; sourceTree = "<group>"; };
		CEFA7AD429836A49007030F0 /* FooterLoadingCollectionReusableView.swift */ = {isa = PBXFileReference; lastKnownFileType = sourcecode.swift; path = FooterLoadingCollectionReusableView.swift; sourceTree = "<group>"; };
/* End PBXFileReference section */

/* Begin PBXFrameworksBuildPhase section */
		CEF0E91129687F1500C81FC9 /* Frameworks */ = {
			isa = PBXFrameworksBuildPhase;
			buildActionMask = 2147483647;
			files = (
			);
			runOnlyForDeploymentPostprocessing = 0;
		};
/* End PBXFrameworksBuildPhase section */

/* Begin PBXGroup section */
		CE0E00FE29B12BAF007F5D19 /* Character */ = {
			isa = PBXGroup;
			children = (
				CE4DB3CA297EEF5D00CE4EB4 /* CharacterListView.swift */,
				CE4DB3D3297F7FD000CE4EB4 /* CharacterCollectionViewCell.swift */,
			);
			path = Character;
			sourceTree = "<group>";
		};
		CE0E00FF29B12BD6007F5D19 /* Episode */ = {
			isa = PBXGroup;
			children = (
				CE0E010029B12BF0007F5D19 /* EpisodeListView.swift */,
			);
			path = Episode;
			sourceTree = "<group>";
		};
		CE4DB3C3297ED0D700CE4EB4 /* DataTypes */ = {
			isa = PBXGroup;
			children = (
				CE519A0C2969D3F1006EB488 /* Location.swift */,
				CE519A0E2969D42A006EB488 /* RMCharacter.swift */,
				CE05E37E29779C1A003C578B /* Episode.swift */,
				CE05E38229779FB9003C578B /* CharaterOrigin.swift */,
				CE05E3842977A056003C578B /* SingleLocation.swift */,
				CE05E3882977A1F1003C578B /* CharacterGender.swift */,
				CE05E38A2977A20A003C578B /* CharaterStatus.swift */,
			);
			path = DataTypes;
			sourceTree = "<group>";
		};
		CE4DB3C4297ED0E300CE4EB4 /* ResponseTypes */ = {
			isa = PBXGroup;
			children = (
				CE4DB3C5297ED10600CE4EB4 /* GetAllCharacterResponse.swift */,
				CE65725029B167B60023D25F /* GetAllEpisodesResponse.swift */,
			);
			path = ResponseTypes;
			sourceTree = "<group>";
		};
		CE4DB3C9297EEF2500CE4EB4 /* Controllers */ = {
			isa = PBXGroup;
			children = (
				CE9442602981B6AB0067C65D /* Other */,
				CE94425F2981B6960067C65D /* Core */,
			);
			path = Controllers;
			sourceTree = "<group>";
		};
		CE4DB3CE297EFFFC00CE4EB4 /* Extensions */ = {
			isa = PBXGroup;
			children = (
				CE4DB3D1297F248900CE4EB4 /* UIView + Extensions.swift */,
			);
			path = Extensions;
			sourceTree = "<group>";
		};
		CE519A082969D2C6006EB488 /* Managers */ = {
			isa = PBXGroup;
			children = (
				CE16B9FF298746B700F4A193 /* AppImageLoader.swift */,
				CE6F681A29A86EF8006732F5 /* ApiCacheManager.swift */,
			);
			path = Managers;
			sourceTree = "<group>";
		};
		CE519A092969D2DD006EB488 /* Service */ = {
			isa = PBXGroup;
			children = (
				CE05E378297797A8003C578B /* AppService.swift */,
				CE05E37A2977980C003C578B /* AppRequest.swift */,
				CE05E37C29779848003C578B /* AppEndpoint.swift */,
			);
			path = Service;
			sourceTree = "<group>";
		};
		CE519A0B2969D323006EB488 /* Resources */ = {
			isa = PBXGroup;
			children = (
				CEF0E92029687F1600C81FC9 /* Assets.xcassets */,
				CEF0E91729687F1500C81FC9 /* AppDelegate.swift */,
				CEF0E91929687F1500C81FC9 /* SceneDelegate.swift */,
			);
			path = Resources;
			sourceTree = "<group>";
		};
		CE94425F2981B6960067C65D /* Core */ = {
			isa = PBXGroup;
			children = (
				CEF0E91B29687F1500C81FC9 /* MainTabViewController.swift */,
				CE519A112969D524006EB488 /* CharacterViewController.swift */,
				CE519A132969D583006EB488 /* LocationViewController.swift */,
				CE519A152969D5A5006EB488 /* EpisodesViewController.swift */,
				CE519A172969D5FD006EB488 /* SettingsViewController.swift */,
			);
			path = Core;
			sourceTree = "<group>";
		};
		CE9442602981B6AB0067C65D /* Other */ = {
			isa = PBXGroup;
			children = (
				CE9442612981B6E00067C65D /* CharacterDetailViewController.swift */,
				CE6F4010299C29B90063FEB7 /* EpisodeDetailViewController.swift */,
				CE434A7329B8296A00E78CD6 /* SearchViewController.swift */,
			);
			path = Other;
			sourceTree = "<group>";
		};
		CEA1FDB429C9529100BD89F2 /* Settings */ = {
			isa = PBXGroup;
			children = (
				CEA1FDB529C952A900BD89F2 /* SettingsViewViewModel.swift */,
				CEA1FDB729C952D300BD89F2 /* SettingsCellViewModel.swift */,
				CEA1FDB929C953C000BD89F2 /* SettingsOption.swift */,
			);
			name = Settings;
			sourceTree = "<group>";
		};
		CEC4F51129BAD49B00A2FB93 /* EpisodeDetails */ = {
			isa = PBXGroup;
			children = (
				CE6F681E29A873E5006732F5 /* EpisodeDetailView.swift */,
				CEC4F51229BAD4DB00A2FB93 /* EpisodeInfoCollectionViewCell.swift */,
			);
			path = EpisodeDetails;
			sourceTree = "<group>";
		};
		CEC4F51429BAD50F00A2FB93 /* EpisodeDetail */ = {
			isa = PBXGroup;
			children = (
				CE6F681C29A8736D006732F5 /* EpisodeDetailViewViewModel.swift */,
				CEC4F51529BAD52E00A2FB93 /* EpisodeInfoCollectionViewCellViewModel.swift */,
			);
			name = EpisodeDetail;
			sourceTree = "<group>";
		};
		CEF0E90B29687F1500C81FC9 = {
			isa = PBXGroup;
			children = (
				CEF0E91629687F1500C81FC9 /* RickAndMortyApp */,
				CEF0E91529687F1500C81FC9 /* Products */,
			);
			sourceTree = "<group>";
		};
		CEF0E91529687F1500C81FC9 /* Products */ = {
			isa = PBXGroup;
			children = (
				CEF0E91429687F1500C81FC9 /* RickAndMortyApp.app */,
			);
			name = Products;
			sourceTree = "<group>";
		};
		CEF0E91629687F1500C81FC9 /* RickAndMortyApp */ = {
			isa = PBXGroup;
			children = (
				CE4DB3CE297EFFFC00CE4EB4 /* Extensions */,
				CE519A092969D2DD006EB488 /* Service */,
				CE519A082969D2C6006EB488 /* Managers */,
				CEF0E92D29688BE100C81FC9 /* Views */,
				CEF0E92C29688BD000C81FC9 /* ViewModels */,
				CE4DB3C9297EEF2500CE4EB4 /* Controllers */,
				CEF0E92B29688BC900C81FC9 /* Models */,
				CE519A0B2969D323006EB488 /* Resources */,
				CEF0E92229687F1600C81FC9 /* LaunchScreen.storyboard */,
				CEF0E92529687F1600C81FC9 /* Info.plist */,
			);
			path = RickAndMortyApp;
			sourceTree = "<group>";
		};
		CEF0E92B29688BC900C81FC9 /* Models */ = {
			isa = PBXGroup;
			children = (
				CE4DB3C4297ED0E300CE4EB4 /* ResponseTypes */,
				CE4DB3C3297ED0D700CE4EB4 /* DataTypes */,
			);
			path = Models;
			sourceTree = "<group>";
		};
		CEF0E92C29688BD000C81FC9 /* ViewModels */ = {
			isa = PBXGroup;
			children = (
				CEA1FDB429C9529100BD89F2 /* Settings */,
				CEC4F51429BAD50F00A2FB93 /* EpisodeDetail */,
				CEF235DB2996BD7200CAC9BC /* CharacterDetail */,
				CE4DB3C7297EDE3000CE4EB4 /* CharacterListViewViewModel.swift */,
				CE4DB3D5297F818900CE4EB4 /* CharacterCollectionViewCelltViewViewModel.swift */,
				CE65724E29B152650023D25F /* EpisodeListViewViewModel.swift */,
			);
			path = ViewModels;
			sourceTree = "<group>";
		};
		CEF0E92D29688BE100C81FC9 /* Views */ = {
			isa = PBXGroup;
			children = (
				CEC4F51129BAD49B00A2FB93 /* EpisodeDetails */,
				CE0E00FF29B12BD6007F5D19 /* Episode */,
				CEF235D42996BB2F00CAC9BC /* CharacterDetails */,
				CE0E00FE29B12BAF007F5D19 /* Character */,
				CEFA7AD429836A49007030F0 /* FooterLoadingCollectionReusableView.swift */,
			);
			path = Views;
			sourceTree = "<group>";
		};
		CEF235D42996BB2F00CAC9BC /* CharacterDetails */ = {
			isa = PBXGroup;
			children = (
				CE9442632981B7D50067C65D /* CharacterDetailView.swift */,
				CEF235D52996BB9600CAC9BC /* CharacterPhotoCollectionViewCell.swift */,
				CEF235D72996BBAD00CAC9BC /* CharacterInfoCollectionViewCell.swift */,
				CEF235D92996BBC300CAC9BC /* CharacterEpisodeCollectionViewCell.swift */,
			);
			path = CharacterDetails;
			sourceTree = "<group>";
		};
		CEF235DB2996BD7200CAC9BC /* CharacterDetail */ = {
			isa = PBXGroup;
			children = (
				CE9442652981B8550067C65D /* CharacterDetailViewViewModel.swift */,
				CEF235DC2996BDD700CAC9BC /* CharacterPhotoCollectionViewCellViewModel.swift */,
				CEF235DE2996BDF200CAC9BC /* CharacterInfoCollectionViewCellViewModel.swift */,
				CEF235E02996BE0600CAC9BC /* CharacterEpisodesCollectionViewCellViewModel.swift */,
			);
			name = CharacterDetail;
			sourceTree = "<group>";
		};
/* End PBXGroup section */

/* Begin PBXNativeTarget section */
		CEF0E91329687F1500C81FC9 /* RickAndMortyApp */ = {
			isa = PBXNativeTarget;
			buildConfigurationList = CEF0E92829687F1600C81FC9 /* Build configuration list for PBXNativeTarget "RickAndMortyApp" */;
			buildPhases = (
				CEF0E91029687F1500C81FC9 /* Sources */,
				CEF0E91129687F1500C81FC9 /* Frameworks */,
				CEF0E91229687F1500C81FC9 /* Resources */,
			);
			buildRules = (
			);
			dependencies = (
			);
			name = RickAndMortyApp;
			productName = RickAndMortyApp;
			productReference = CEF0E91429687F1500C81FC9 /* RickAndMortyApp.app */;
			productType = "com.apple.product-type.application";
		};
/* End PBXNativeTarget section */

/* Begin PBXProject section */
		CEF0E90C29687F1500C81FC9 /* Project object */ = {
			isa = PBXProject;
			attributes = {
				BuildIndependentTargetsInParallel = 1;
				LastSwiftUpdateCheck = 1420;
				LastUpgradeCheck = 1420;
				TargetAttributes = {
					CEF0E91329687F1500C81FC9 = {
						CreatedOnToolsVersion = 14.2;
					};
				};
			};
			buildConfigurationList = CEF0E90F29687F1500C81FC9 /* Build configuration list for PBXProject "RickAndMortyApp" */;
			compatibilityVersion = "Xcode 14.0";
			developmentRegion = en;
			hasScannedForEncodings = 0;
			knownRegions = (
				en,
				Base,
				"pt-BR",
			);
			mainGroup = CEF0E90B29687F1500C81FC9;
			productRefGroup = CEF0E91529687F1500C81FC9 /* Products */;
			projectDirPath = "";
			projectRoot = "";
			targets = (
				CEF0E91329687F1500C81FC9 /* RickAndMortyApp */,
			);
		};
/* End PBXProject section */

/* Begin PBXResourcesBuildPhase section */
		CEF0E91229687F1500C81FC9 /* Resources */ = {
			isa = PBXResourcesBuildPhase;
			buildActionMask = 2147483647;
			files = (
				CEF0E92429687F1600C81FC9 /* LaunchScreen.storyboard in Resources */,
				CEF0E92129687F1600C81FC9 /* Assets.xcassets in Resources */,
			);
			runOnlyForDeploymentPostprocessing = 0;
		};
/* End PBXResourcesBuildPhase section */

/* Begin PBXSourcesBuildPhase section */
		CEF0E91029687F1500C81FC9 /* Sources */ = {
			isa = PBXSourcesBuildPhase;
			buildActionMask = 2147483647;
			files = (
				CEF235DF2996BDF200CAC9BC /* CharacterInfoCollectionViewCellViewModel.swift in Sources */,
				CE519A122969D524006EB488 /* CharacterViewController.swift in Sources */,
				CE519A142969D583006EB488 /* LocationViewController.swift in Sources */,
				CE4DB3CB297EEF5D00CE4EB4 /* CharacterListView.swift in Sources */,
				CE05E37D29779848003C578B /* AppEndpoint.swift in Sources */,
				CEA1FDB629C952A900BD89F2 /* SettingsViewViewModel.swift in Sources */,
				CEF0E91C29687F1500C81FC9 /* MainTabViewController.swift in Sources */,
				CEF0E91829687F1500C81FC9 /* AppDelegate.swift in Sources */,
				CE4DB3C6297ED10600CE4EB4 /* GetAllCharacterResponse.swift in Sources */,
				CEF235D62996BB9600CAC9BC /* CharacterPhotoCollectionViewCell.swift in Sources */,
				CE4DB3D2297F248900CE4EB4 /* UIView + Extensions.swift in Sources */,
				CE519A162969D5A5006EB488 /* EpisodesViewController.swift in Sources */,
				CE0E010129B12BF0007F5D19 /* EpisodeListView.swift in Sources */,
				CE519A0F2969D42A006EB488 /* RMCharacter.swift in Sources */,
				CE05E37F29779C1A003C578B /* Episode.swift in Sources */,
				CEF235D82996BBAD00CAC9BC /* CharacterInfoCollectionViewCell.swift in Sources */,
				CE519A0D2969D3F1006EB488 /* Location.swift in Sources */,
				CEF235E12996BE0600CAC9BC /* CharacterEpisodesCollectionViewCellViewModel.swift in Sources */,
				CE05E3852977A056003C578B /* SingleLocation.swift in Sources */,
				CE9442622981B6E00067C65D /* CharacterDetailViewController.swift in Sources */,
				CE16BA00298746B700F4A193 /* AppImageLoader.swift in Sources */,
				CE05E38B2977A20A003C578B /* CharaterStatus.swift in Sources */,
				CE6F681F29A873E5006732F5 /* EpisodeDetailView.swift in Sources */,
				CE4DB3D6297F818900CE4EB4 /* CharacterCollectionViewCelltViewViewModel.swift in Sources */,
				CEF235DA2996BBC300CAC9BC /* CharacterEpisodeCollectionViewCell.swift in Sources */,
				CEF235DD2996BDD700CAC9BC /* CharacterPhotoCollectionViewCellViewModel.swift in Sources */,
				CE05E379297797A8003C578B /* AppService.swift in Sources */,
				CEF0E91A29687F1500C81FC9 /* SceneDelegate.swift in Sources */,
				CE6F681B29A86EF8006732F5 /* ApiCacheManager.swift in Sources */,
				CE05E3892977A1F1003C578B /* CharacterGender.swift in Sources */,
				CE6F681D29A8736D006732F5 /* EpisodeDetailViewViewModel.swift in Sources */,
				CEFA7AD529836A49007030F0 /* FooterLoadingCollectionReusableView.swift in Sources */,
				CE519A182969D5FD006EB488 /* SettingsViewController.swift in Sources */,
				CE9442642981B7D50067C65D /* CharacterDetailView.swift in Sources */,
				CE05E37B2977980C003C578B /* AppRequest.swift in Sources */,
				CE6F4011299C29B90063FEB7 /* EpisodeDetailViewController.swift in Sources */,
				CE4DB3C8297EDE3000CE4EB4 /* CharacterListViewViewModel.swift in Sources */,
				CEC4F51329BAD4DB00A2FB93 /* EpisodeInfoCollectionViewCell.swift in Sources */,
				CEA1FDBA29C953C000BD89F2 /* SettingsOption.swift in Sources */,
				CE434A7429B8296A00E78CD6 /* SearchViewController.swift in Sources */,
				CE4DB3D4297F7FD000CE4EB4 /* CharacterCollectionViewCell.swift in Sources */,
				CE65724F29B152650023D25F /* EpisodeListViewViewModel.swift in Sources */,
				CE65725129B167B60023D25F /* GetAllEpisodesResponse.swift in Sources */,
				CE9442662981B8550067C65D /* CharacterDetailViewViewModel.swift in Sources */,
				CEA1FDB829C952D300BD89F2 /* SettingsCellViewModel.swift in Sources */,
				CE05E38329779FB9003C578B /* CharaterOrigin.swift in Sources */,
				CEC4F51629BAD52E00A2FB93 /* EpisodeInfoCollectionViewCellViewModel.swift in Sources */,
			);
			runOnlyForDeploymentPostprocessing = 0;
		};
/* End PBXSourcesBuildPhase section */

/* Begin PBXVariantGroup section */
		CEF0E92229687F1600C81FC9 /* LaunchScreen.storyboard */ = {
			isa = PBXVariantGroup;
			children = (
				CEF0E92329687F1600C81FC9 /* Base */,
				CE6F400F299C27D00063FEB7 /* pt-BR */,
			);
			name = LaunchScreen.storyboard;
			sourceTree = "<group>";
		};
/* End PBXVariantGroup section */

/* Begin XCBuildConfiguration section */
		CEF0E92629687F1600C81FC9 /* Debug */ = {
			isa = XCBuildConfiguration;
			buildSettings = {
				ALWAYS_SEARCH_USER_PATHS = NO;
				CLANG_ANALYZER_LOCALIZABILITY_NONLOCALIZED = YES;
				CLANG_ANALYZER_NONNULL = YES;
				CLANG_ANALYZER_NUMBER_OBJECT_CONVERSION = YES_AGGRESSIVE;
				CLANG_CXX_LANGUAGE_STANDARD = "gnu++20";
				CLANG_ENABLE_MODULES = YES;
				CLANG_ENABLE_OBJC_ARC = YES;
				CLANG_ENABLE_OBJC_WEAK = YES;
				CLANG_WARN_BLOCK_CAPTURE_AUTORELEASING = YES;
				CLANG_WARN_BOOL_CONVERSION = YES;
				CLANG_WARN_COMMA = YES;
				CLANG_WARN_CONSTANT_CONVERSION = YES;
				CLANG_WARN_DEPRECATED_OBJC_IMPLEMENTATIONS = YES;
				CLANG_WARN_DIRECT_OBJC_ISA_USAGE = YES_ERROR;
				CLANG_WARN_DOCUMENTATION_COMMENTS = YES;
				CLANG_WARN_EMPTY_BODY = YES;
				CLANG_WARN_ENUM_CONVERSION = YES;
				CLANG_WARN_INFINITE_RECURSION = YES;
				CLANG_WARN_INT_CONVERSION = YES;
				CLANG_WARN_NON_LITERAL_NULL_CONVERSION = YES;
				CLANG_WARN_OBJC_IMPLICIT_RETAIN_SELF = YES;
				CLANG_WARN_OBJC_LITERAL_CONVERSION = YES;
				CLANG_WARN_OBJC_ROOT_CLASS = YES_ERROR;
				CLANG_WARN_QUOTED_INCLUDE_IN_FRAMEWORK_HEADER = YES;
				CLANG_WARN_RANGE_LOOP_ANALYSIS = YES;
				CLANG_WARN_STRICT_PROTOTYPES = YES;
				CLANG_WARN_SUSPICIOUS_MOVE = YES;
				CLANG_WARN_UNGUARDED_AVAILABILITY = YES_AGGRESSIVE;
				CLANG_WARN_UNREACHABLE_CODE = YES;
				CLANG_WARN__DUPLICATE_METHOD_MATCH = YES;
				COPY_PHASE_STRIP = NO;
				DEBUG_INFORMATION_FORMAT = dwarf;
				ENABLE_STRICT_OBJC_MSGSEND = YES;
				ENABLE_TESTABILITY = YES;
				GCC_C_LANGUAGE_STANDARD = gnu11;
				GCC_DYNAMIC_NO_PIC = NO;
				GCC_NO_COMMON_BLOCKS = YES;
				GCC_OPTIMIZATION_LEVEL = 0;
				GCC_PREPROCESSOR_DEFINITIONS = (
					"DEBUG=1",
					"$(inherited)",
				);
				GCC_WARN_64_TO_32_BIT_CONVERSION = YES;
				GCC_WARN_ABOUT_RETURN_TYPE = YES_ERROR;
				GCC_WARN_UNDECLARED_SELECTOR = YES;
				GCC_WARN_UNINITIALIZED_AUTOS = YES_AGGRESSIVE;
				GCC_WARN_UNUSED_FUNCTION = YES;
				GCC_WARN_UNUSED_VARIABLE = YES;
				IPHONEOS_DEPLOYMENT_TARGET = 16.2;
				MTL_ENABLE_DEBUG_INFO = INCLUDE_SOURCE;
				MTL_FAST_MATH = YES;
				ONLY_ACTIVE_ARCH = YES;
				SDKROOT = iphoneos;
				SWIFT_ACTIVE_COMPILATION_CONDITIONS = DEBUG;
				SWIFT_OPTIMIZATION_LEVEL = "-Onone";
			};
			name = Debug;
		};
		CEF0E92729687F1600C81FC9 /* Release */ = {
			isa = XCBuildConfiguration;
			buildSettings = {
				ALWAYS_SEARCH_USER_PATHS = NO;
				CLANG_ANALYZER_LOCALIZABILITY_NONLOCALIZED = YES;
				CLANG_ANALYZER_NONNULL = YES;
				CLANG_ANALYZER_NUMBER_OBJECT_CONVERSION = YES_AGGRESSIVE;
				CLANG_CXX_LANGUAGE_STANDARD = "gnu++20";
				CLANG_ENABLE_MODULES = YES;
				CLANG_ENABLE_OBJC_ARC = YES;
				CLANG_ENABLE_OBJC_WEAK = YES;
				CLANG_WARN_BLOCK_CAPTURE_AUTORELEASING = YES;
				CLANG_WARN_BOOL_CONVERSION = YES;
				CLANG_WARN_COMMA = YES;
				CLANG_WARN_CONSTANT_CONVERSION = YES;
				CLANG_WARN_DEPRECATED_OBJC_IMPLEMENTATIONS = YES;
				CLANG_WARN_DIRECT_OBJC_ISA_USAGE = YES_ERROR;
				CLANG_WARN_DOCUMENTATION_COMMENTS = YES;
				CLANG_WARN_EMPTY_BODY = YES;
				CLANG_WARN_ENUM_CONVERSION = YES;
				CLANG_WARN_INFINITE_RECURSION = YES;
				CLANG_WARN_INT_CONVERSION = YES;
				CLANG_WARN_NON_LITERAL_NULL_CONVERSION = YES;
				CLANG_WARN_OBJC_IMPLICIT_RETAIN_SELF = YES;
				CLANG_WARN_OBJC_LITERAL_CONVERSION = YES;
				CLANG_WARN_OBJC_ROOT_CLASS = YES_ERROR;
				CLANG_WARN_QUOTED_INCLUDE_IN_FRAMEWORK_HEADER = YES;
				CLANG_WARN_RANGE_LOOP_ANALYSIS = YES;
				CLANG_WARN_STRICT_PROTOTYPES = YES;
				CLANG_WARN_SUSPICIOUS_MOVE = YES;
				CLANG_WARN_UNGUARDED_AVAILABILITY = YES_AGGRESSIVE;
				CLANG_WARN_UNREACHABLE_CODE = YES;
				CLANG_WARN__DUPLICATE_METHOD_MATCH = YES;
				COPY_PHASE_STRIP = NO;
				DEBUG_INFORMATION_FORMAT = "dwarf-with-dsym";
				ENABLE_NS_ASSERTIONS = NO;
				ENABLE_STRICT_OBJC_MSGSEND = YES;
				GCC_C_LANGUAGE_STANDARD = gnu11;
				GCC_NO_COMMON_BLOCKS = YES;
				GCC_WARN_64_TO_32_BIT_CONVERSION = YES;
				GCC_WARN_ABOUT_RETURN_TYPE = YES_ERROR;
				GCC_WARN_UNDECLARED_SELECTOR = YES;
				GCC_WARN_UNINITIALIZED_AUTOS = YES_AGGRESSIVE;
				GCC_WARN_UNUSED_FUNCTION = YES;
				GCC_WARN_UNUSED_VARIABLE = YES;
				IPHONEOS_DEPLOYMENT_TARGET = 16.2;
				MTL_ENABLE_DEBUG_INFO = NO;
				MTL_FAST_MATH = YES;
				SDKROOT = iphoneos;
				SWIFT_COMPILATION_MODE = wholemodule;
				SWIFT_OPTIMIZATION_LEVEL = "-O";
				VALIDATE_PRODUCT = YES;
			};
			name = Release;
		};
		CEF0E92929687F1600C81FC9 /* Debug */ = {
			isa = XCBuildConfiguration;
			buildSettings = {
				ASSETCATALOG_COMPILER_APPICON_NAME = AppIcon;
				ASSETCATALOG_COMPILER_GLOBAL_ACCENT_COLOR_NAME = AccentColor;
				CODE_SIGN_STYLE = Automatic;
				CURRENT_PROJECT_VERSION = 1;
				DEVELOPMENT_TEAM = LFHK2L5V9K;
				GENERATE_INFOPLIST_FILE = YES;
				INFOPLIST_FILE = RickAndMortyApp/Info.plist;
				INFOPLIST_KEY_UIApplicationSupportsIndirectInputEvents = YES;
				INFOPLIST_KEY_UILaunchStoryboardName = LaunchScreen;
				INFOPLIST_KEY_UIMainStoryboardFile = "";
				INFOPLIST_KEY_UISupportedInterfaceOrientations = UIInterfaceOrientationPortrait;
				IPHONEOS_DEPLOYMENT_TARGET = 15.6;
				LD_RUNPATH_SEARCH_PATHS = (
					"$(inherited)",
					"@executable_path/Frameworks",
				);
				MARKETING_VERSION = 1.0;
				PRODUCT_BUNDLE_IDENTIFIER = com.joaoalexandre.RickAndMortyApp;
				PRODUCT_NAME = "$(TARGET_NAME)";
				SWIFT_EMIT_LOC_STRINGS = YES;
				SWIFT_VERSION = 5.0;
				TARGETED_DEVICE_FAMILY = "1,2";
			};
			name = Debug;
		};
		CEF0E92A29687F1600C81FC9 /* Release */ = {
			isa = XCBuildConfiguration;
			buildSettings = {
				ASSETCATALOG_COMPILER_APPICON_NAME = AppIcon;
				ASSETCATALOG_COMPILER_GLOBAL_ACCENT_COLOR_NAME = AccentColor;
				CODE_SIGN_STYLE = Automatic;
				CURRENT_PROJECT_VERSION = 1;
				DEVELOPMENT_TEAM = LFHK2L5V9K;
				GENERATE_INFOPLIST_FILE = YES;
				INFOPLIST_FILE = RickAndMortyApp/Info.plist;
				INFOPLIST_KEY_UIApplicationSupportsIndirectInputEvents = YES;
				INFOPLIST_KEY_UILaunchStoryboardName = LaunchScreen;
				INFOPLIST_KEY_UIMainStoryboardFile = "";
				INFOPLIST_KEY_UISupportedInterfaceOrientations = UIInterfaceOrientationPortrait;
				IPHONEOS_DEPLOYMENT_TARGET = 15.6;
				LD_RUNPATH_SEARCH_PATHS = (
					"$(inherited)",
					"@executable_path/Frameworks",
				);
				MARKETING_VERSION = 1.0;
				PRODUCT_BUNDLE_IDENTIFIER = com.joaoalexandre.RickAndMortyApp;
				PRODUCT_NAME = "$(TARGET_NAME)";
				SWIFT_EMIT_LOC_STRINGS = YES;
				SWIFT_VERSION = 5.0;
				TARGETED_DEVICE_FAMILY = "1,2";
			};
			name = Release;
		};
/* End XCBuildConfiguration section */

/* Begin XCConfigurationList section */
		CEF0E90F29687F1500C81FC9 /* Build configuration list for PBXProject "RickAndMortyApp" */ = {
			isa = XCConfigurationList;
			buildConfigurations = (
				CEF0E92629687F1600C81FC9 /* Debug */,
				CEF0E92729687F1600C81FC9 /* Release */,
			);
			defaultConfigurationIsVisible = 0;
			defaultConfigurationName = Release;
		};
		CEF0E92829687F1600C81FC9 /* Build configuration list for PBXNativeTarget "RickAndMortyApp" */ = {
			isa = XCConfigurationList;
			buildConfigurations = (
				CEF0E92929687F1600C81FC9 /* Debug */,
				CEF0E92A29687F1600C81FC9 /* Release */,
			);
			defaultConfigurationIsVisible = 0;
			defaultConfigurationName = Release;
		};
/* End XCConfigurationList section */
	};
	rootObject = CEF0E90C29687F1500C81FC9 /* Project object */;
}
